
Microsoft Visual Studio Solution File, Format Version 12.00
# Visual Studio 15
VisualStudioVersion = 15.0.28010.2003
MinimumVisualStudioVersion = 10.0.40219.1
Project("{FAE04EC0-301F-11D3-BF4B-00C04F79EFBC}") = "Houses", "Houses\Houses.csproj", "{03D0BAF8-AD55-4E8F-8596-7204EF1DBE59}"
EndProject
Project("{FAE04EC0-301F-11D3-BF4B-00C04F79EFBC}") = "Class1", "Class1\Class1.csproj", "{054703C0-2497-4725-8507-B7E1DF689C48}"
EndProject
Global
	GlobalSection(SolutionConfigurationPlatforms) = preSolution
		Debug|Any CPU = Debug|Any CPU
		Release|Any CPU = Release|Any CPU
	EndGlobalSection
	GlobalSection(ProjectConfigurationPlatforms) = postSolution
		{03D0BAF8-AD55-4E8F-8596-7204EF1DBE59}.Debug|Any CPU.ActiveCfg = Debug|Any CPU
		{03D0BAF8-AD55-4E8F-8596-7204EF1DBE59}.Debug|Any CPU.Build.0 = Debug|Any CPU
		{03D0BAF8-AD55-4E8F-8596-7204EF1DBE59}.Release|Any CPU.ActiveCfg = Release|Any CPU
		{03D0BAF8-AD55-4E8F-8596-7204EF1DBE59}.Release|Any CPU.Build.0 = Release|Any CPU
		{054703C0-2497-4725-8507-B7E1DF689C48}.Debug|Any CPU.ActiveCfg = Debug|Any CPU
		{054703C0-2497-4725-8507-B7E1DF689C48}.Debug|Any CPU.Build.0 = Debug|Any CPU
		{054703C0-2497-4725-8507-B7E1DF689C48}.Release|Any CPU.ActiveCfg = Release|Any CPU
		{054703C0-2497-4725-8507-B7E1DF689C48}.Release|Any CPU.Build.0 = Release|Any CPU
	EndGlobalSection
	GlobalSection(SolutionProperties) = preSolution
		HideSolutionNode = FALSE
	EndGlobalSection
	GlobalSection(ExtensibilityGlobals) = postSolution
		SolutionGuid = {0EBAA6DE-CDF8-4CA5-88B9-37AE73A14A76}
	EndGlobalSection
EndGlobal
